{
  "lib/contracts-v2": {
    "tag": {
      "name": "sepolia-deployment-2026-09-15",
      "rev": "f2f0a05e6c1711134b73204a1e37f8e6c1aea6ab"
    }
  },
  "lib/forge-std": {
    "rev": "ba4733c33497dd0c0983dcc033d7645576cc46e5"
  },
  "lib/openzeppelin-contracts": {
    "tag": {
      "name": "v5.1.0",
      "rev": "69c8def5f222ff96f2b5beff05dfba996368aa79"
    }
  }
}